
Microsoft Visual Studio Solution File, Format Version 12.00
# Visual Studio Version 16
VisualStudioVersion = 16.0.32106.194
MinimumVisualStudioVersion = 10.0.40219.1
Project("{FAE04EC0-301F-11D3-BF4B-00C04F79EFBC}") = "Practica 1 Prog III 2", "Practica 1 Prog III 2\Practica 1 Prog III 2.csproj", "{EEA46CD7-F9F9-4CD8-A307-CE680442CC91}"
EndProject
Global
	GlobalSection(SolutionConfigurationPlatforms) = preSolution
		Debug|Any CPU = Debug|Any CPU
		Release|Any CPU = Release|Any CPU
	EndGlobalSection
	GlobalSection(ProjectConfigurationPlatforms) = postSolution
		{EEA46CD7-F9F9-4CD8-A307-CE680442CC91}.Debug|Any CPU.ActiveCfg = Debug|Any CPU
		{EEA46CD7-F9F9-4CD8-A307-CE680442CC91}.Debug|Any CPU.Build.0 = Debug|Any CPU
		{EEA46CD7-F9F9-4CD8-A307-CE680442CC91}.Release|Any CPU.ActiveCfg = Release|Any CPU
		{EEA46CD7-F9F9-4CD8-A307-CE680442CC91}.Release|Any CPU.Build.0 = Release|Any CPU
	EndGlobalSection
	GlobalSection(SolutionProperties) = preSolution
		HideSolutionNode = FALSE
	EndGlobalSection
	GlobalSection(ExtensibilityGlobals) = postSolution
		SolutionGuid = {D1029583-A57F-4888-8724-12DEC3E44491}
	EndGlobalSection
EndGlobal
